
Microsoft Visual Studio Solution File, Format Version 12.00
# Visual Studio Version 17
VisualStudioVersion = 17.2.32616.157
MinimumVisualStudioVersion = 10.0.40219.1
Project("{FAE04EC0-301F-11D3-BF4B-00C04F79EFBC}") = "CurrenyRateAPIProject", "CurrenyRateAPIProject\CurrenyRateAPIProject.csproj", "{317AB59A-2B1B-4E87-BABC-C3D090CF6099}"
EndProject
Project("{FAE04EC0-301F-11D3-BF4B-00C04F79EFBC}") = "Currency", "Currency\Currency.csproj", "{C9EE1989-C25D-4986-A900-4BF25CEC392A}"
EndProject
Global
	GlobalSection(SolutionConfigurationPlatforms) = preSolution
		Debug|Any CPU = Debug|Any CPU
		Release|Any CPU = Release|Any CPU
	EndGlobalSection
	GlobalSection(ProjectConfigurationPlatforms) = postSolution
		{317AB59A-2B1B-4E87-BABC-C3D090CF6099}.Debug|Any CPU.ActiveCfg = Debug|Any CPU
		{317AB59A-2B1B-4E87-BABC-C3D090CF6099}.Debug|Any CPU.Build.0 = Debug|Any CPU
		{317AB59A-2B1B-4E87-BABC-C3D090CF6099}.Release|Any CPU.ActiveCfg = Release|Any CPU
		{317AB59A-2B1B-4E87-BABC-C3D090CF6099}.Release|Any CPU.Build.0 = Release|Any CPU
		{C9EE1989-C25D-4986-A900-4BF25CEC392A}.Debug|Any CPU.ActiveCfg = Debug|Any CPU
		{C9EE1989-C25D-4986-A900-4BF25CEC392A}.Debug|Any CPU.Build.0 = Debug|Any CPU
		{C9EE1989-C25D-4986-A900-4BF25CEC392A}.Release|Any CPU.ActiveCfg = Release|Any CPU
		{C9EE1989-C25D-4986-A900-4BF25CEC392A}.Release|Any CPU.Build.0 = Release|Any CPU
	EndGlobalSection
	GlobalSection(SolutionProperties) = preSolution
		HideSolutionNode = FALSE
	EndGlobalSection
	GlobalSection(ExtensibilityGlobals) = postSolution
		SolutionGuid = {EA571D6A-2AA5-4093-AC55-F458744D5EE5}
	EndGlobalSection
EndGlobal
